
Microsoft Visual Studio Solution File, Format Version 12.00
# Visual Studio Version 16
VisualStudioVersion = 16.0.29613.14
MinimumVisualStudioVersion = 10.0.40219.1
Project("{FAE04EC0-301F-11D3-BF4B-00C04F79EFBC}") = "DanhGiaDoanVien", "DanhGiaDoanVien\DanhGiaDoanVien.csproj", "{2076EB82-CFC3-4629-8BDE-318548D4DC04}"
EndProject
Project("{54435603-DBB4-11D2-8724-00A0C9A8B90C}") = "Setup", "Setup\Setup.vdproj", "{5048F3DB-206D-4F76-AC2D-3F765501EE23}"
EndProject
Global
	GlobalSection(SolutionConfigurationPlatforms) = preSolution
		Debug|Any CPU = Debug|Any CPU
		Release|Any CPU = Release|Any CPU
	EndGlobalSection
	GlobalSection(ProjectConfigurationPlatforms) = postSolution
		{2076EB82-CFC3-4629-8BDE-318548D4DC04}.Debug|Any CPU.ActiveCfg = Debug|Any CPU
		{2076EB82-CFC3-4629-8BDE-318548D4DC04}.Debug|Any CPU.Build.0 = Debug|Any CPU
		{2076EB82-CFC3-4629-8BDE-318548D4DC04}.Release|Any CPU.ActiveCfg = Release|Any CPU
		{2076EB82-CFC3-4629-8BDE-318548D4DC04}.Release|Any CPU.Build.0 = Release|Any CPU
		{5048F3DB-206D-4F76-AC2D-3F765501EE23}.Debug|Any CPU.ActiveCfg = Debug
		{5048F3DB-206D-4F76-AC2D-3F765501EE23}.Release|Any CPU.ActiveCfg = Release
	EndGlobalSection
	GlobalSection(SolutionProperties) = preSolution
		HideSolutionNode = FALSE
	EndGlobalSection
	GlobalSection(ExtensibilityGlobals) = postSolution
		SolutionGuid = {8C79389D-6623-46A9-989C-35018021F34A}
	EndGlobalSection
EndGlobal
